
Microsoft Visual Studio Solution File, Format Version 12.00
# Visual Studio Version 17
VisualStudioVersion = 17.6.33829.357
MinimumVisualStudioVersion = 10.0.40219.1
Project("{FAE04EC0-301F-11D3-BF4B-00C04F79EFBC}") = "2. Introduction to C# and .NET Framework", "2. Introduction to C# and .NET Framework\2. Introduction to C# and .NET Framework.csproj", "{D62FD8A0-A5BB-4DCD-A12C-DA8ED2D8B2B1}"
EndProject
Project("{FAE04EC0-301F-11D3-BF4B-00C04F79EFBC}") = "3. Primitive Types and Expressions", "3. Primitive Types and Expressions\3. Primitive Types and Expressions.csproj", "{3C4BDC45-5A16-4C7C-BA09-FA9DE92536B6}"
EndProject
Global
	GlobalSection(SolutionConfigurationPlatforms) = preSolution
		Debug|Any CPU = Debug|Any CPU
		Release|Any CPU = Release|Any CPU
	EndGlobalSection
	GlobalSection(ProjectConfigurationPlatforms) = postSolution
		{D62FD8A0-A5BB-4DCD-A12C-DA8ED2D8B2B1}.Debug|Any CPU.ActiveCfg = Debug|Any CPU
		{D62FD8A0-A5BB-4DCD-A12C-DA8ED2D8B2B1}.Debug|Any CPU.Build.0 = Debug|Any CPU
		{D62FD8A0-A5BB-4DCD-A12C-DA8ED2D8B2B1}.Release|Any CPU.ActiveCfg = Release|Any CPU
		{D62FD8A0-A5BB-4DCD-A12C-DA8ED2D8B2B1}.Release|Any CPU.Build.0 = Release|Any CPU
		{3C4BDC45-5A16-4C7C-BA09-FA9DE92536B6}.Debug|Any CPU.ActiveCfg = Debug|Any CPU
		{3C4BDC45-5A16-4C7C-BA09-FA9DE92536B6}.Debug|Any CPU.Build.0 = Debug|Any CPU
		{3C4BDC45-5A16-4C7C-BA09-FA9DE92536B6}.Release|Any CPU.ActiveCfg = Release|Any CPU
		{3C4BDC45-5A16-4C7C-BA09-FA9DE92536B6}.Release|Any CPU.Build.0 = Release|Any CPU
	EndGlobalSection
	GlobalSection(SolutionProperties) = preSolution
		HideSolutionNode = FALSE
	EndGlobalSection
	GlobalSection(ExtensibilityGlobals) = postSolution
		SolutionGuid = {851EC797-0105-4208-8441-666428607EA3}
	EndGlobalSection
EndGlobal
